
Microsoft Visual Studio Solution File, Format Version 12.00
# Visual Studio 15
VisualStudioVersion = 15.0.27703.2018
MinimumVisualStudioVersion = 10.0.40219.1
Project("{FAE04EC0-301F-11D3-BF4B-00C04F79EFBC}") = "RSkoi_ParticleEditor", "RSkoi_ParticleEditor\RSkoi_ParticleEditor.csproj", "{41F9C297-9949-449C-B00C-FB1842E712FD}"
EndProject
Global
	GlobalSection(SolutionConfigurationPlatforms) = preSolution
		Debug|Any CPU = Debug|Any CPU
		Release|Any CPU = Release|Any CPU
	EndGlobalSection
	GlobalSection(ProjectConfigurationPlatforms) = postSolution
		{41F9C297-9949-449C-B00C-FB1842E712FD}.Debug|Any CPU.ActiveCfg = Debug|Any CPU
		{41F9C297-9949-449C-B00C-FB1842E712FD}.Debug|Any CPU.Build.0 = Debug|Any CPU
		{41F9C297-9949-449C-B00C-FB1842E712FD}.Release|Any CPU.ActiveCfg = Release|Any CPU
		{41F9C297-9949-449C-B00C-FB1842E712FD}.Release|Any CPU.Build.0 = Release|Any CPU
	EndGlobalSection
	GlobalSection(SolutionProperties) = preSolution
		HideSolutionNode = FALSE
	EndGlobalSection
	GlobalSection(ExtensibilityGlobals) = postSolution
		SolutionGuid = {4D9E6D2A-3D17-4F04-822A-A3E88CACE3FF}
	EndGlobalSection
EndGlobal
